
Microsoft Visual Studio Solution File, Format Version 12.00
# Visual Studio 15
VisualStudioVersion = 15.0.27130.2027
MinimumVisualStudioVersion = 10.0.40219.1
Project("{FAE04EC0-301F-11D3-BF4B-00C04F79EFBC}") = "GoogleCloudSpeechSample", "GoogleCloudSpeechSample\GoogleCloudSpeechSample.csproj", "{5F3E6CA4-24B5-451D-95D0-D97A6DF3E883}"
EndProject
Global
	GlobalSection(SolutionConfigurationPlatforms) = preSolution
		Debug|Any CPU = Debug|Any CPU
		Release|Any CPU = Release|Any CPU
	EndGlobalSection
	GlobalSection(ProjectConfigurationPlatforms) = postSolution
		{5F3E6CA4-24B5-451D-95D0-D97A6DF3E883}.Debug|Any CPU.ActiveCfg = Debug|Any CPU
		{5F3E6CA4-24B5-451D-95D0-D97A6DF3E883}.Debug|Any CPU.Build.0 = Debug|Any CPU
		{5F3E6CA4-24B5-451D-95D0-D97A6DF3E883}.Release|Any CPU.ActiveCfg = Release|Any CPU
		{5F3E6CA4-24B5-451D-95D0-D97A6DF3E883}.Release|Any CPU.Build.0 = Release|Any CPU
	EndGlobalSection
	GlobalSection(SolutionProperties) = preSolution
		HideSolutionNode = FALSE
	EndGlobalSection
	GlobalSection(ExtensibilityGlobals) = postSolution
		SolutionGuid = {589F39F6-A81C-4E8A-96F3-B75AC054E8A6}
	EndGlobalSection
EndGlobal
